// !$*UTF8*$!
{
	archiveVersion = 1;
	classes = {
	};
	objectVersion = 46;
	objects = {

/* Begin PBXBuildFile section */
		6D3E00A31E0CBB7A008FE2D2 /* AppDelegate.swift in Sources */ = {isa = PBXBuildFile; fileRef = 6D3E00A21E0CBB7A008FE2D2 /* AppDelegate.swift */; };
		6D3E00A51E0CBB7A008FE2D2 /* ViewController.swift in Sources */ = {isa = PBXBuildFile; fileRef = 6D3E00A41E0CBB7A008FE2D2 /* ViewController.swift */; };
		6D3E00A81E0CBB7A008FE2D2 /* Main.storyboard in Resources */ = {isa = PBXBuildFile; fileRef = 6D3E00A61E0CBB7A008FE2D2 /* Main.storyboard */; };
		6D3E00AA1E0CBB7A008FE2D2 /* Assets.xcassets in Resources */ = {isa = PBXBuildFile; fileRef = 6D3E00A91E0CBB7A008FE2D2 /* Assets.xcassets */; };
		6D3E00AD1E0CBB7A008FE2D2 /* LaunchScreen.storyboard in Resources */ = {isa = PBXBuildFile; fileRef = 6D3E00AB1E0CBB7A008FE2D2 /* LaunchScreen.storyboard */; };
		6D3E00B81E0CBB7A008FE2D2 /* SampleAppSw2Tests.swift in Sources */ = {isa = PBXBuildFile; fileRef = 6D3E00B71E0CBB7A008FE2D2 /* SampleAppSw2Tests.swift */; };
		6D3E00C51E0CBBAE008FE2D2 /* Bank.swift in Sources */ = {isa = PBXBuildFile; fileRef = 6D3E00C21E0CBBAE008FE2D2 /* Bank.swift */; };
		6D3E00C61E0CBBAE008FE2D2 /* SAFCaculateRevenueViewController.swift in Sources */ = {isa = PBXBuildFile; fileRef = 6D3E00C31E0CBBAE008FE2D2 /* SAFCaculateRevenueViewController.swift */; };
		6D3E00C71E0CBBAE008FE2D2 /* SAFSignInViewController.swift in Sources */ = {isa = PBXBuildFile; fileRef = 6D3E00C41E0CBBAE008FE2D2 /* SAFSignInViewController.swift */; };
		6D3E01861E0CBC4B008FE2D2 /* CucumberishUITest.swift in Sources */ = {isa = PBXBuildFile; fileRef = 6D3E01851E0CBC4B008FE2D2 /* CucumberishUITest.swift */; };
		6D3E018A1E0CBC4B008FE2D2 /* CucumberishUITest.m in Sources */ = {isa = PBXBuildFile; fileRef = 6D3E01891E0CBC4B008FE2D2 /* CucumberishUITest.m */; };
		6D3E02001E0CBC5D008FE2D2 /* CCIFeaturesManager.m in Sources */ = {isa = PBXBuildFile; fileRef = 6D3E01961E0CBC5D008FE2D2 /* CCIFeaturesManager.m */; };
		6D3E02011E0CBC5D008FE2D2 /* CCIStepsManager.m in Sources */ = {isa = PBXBuildFile; fileRef = 6D3E01981E0CBC5D008FE2D2 /* CCIStepsManager.m */; };
		6D3E02021E0CBC5D008FE2D2 /* CCIArgument.m in Sources */ = {isa = PBXBuildFile; fileRef = 6D3E019B1E0CBC5D008FE2D2 /* CCIArgument.m */; };
		6D3E02031E0CBC5D008FE2D2 /* CCIAroundHock.m in Sources */ = {isa = PBXBuildFile; fileRef = 6D3E019D1E0CBC5D008FE2D2 /* CCIAroundHock.m */; };
		6D3E02041E0CBC5D008FE2D2 /* CCIBackground.m in Sources */ = {isa = PBXBuildFile; fileRef = 6D3E019F1E0CBC5D008FE2D2 /* CCIBackground.m */; };
		6D3E02051E0CBC5D008FE2D2 /* CCIExample.m in Sources */ = {isa = PBXBuildFile; fileRef = 6D3E01A11E0CBC5D008FE2D2 /* CCIExample.m */; };
		6D3E02061E0CBC5D008FE2D2 /* CCIFeature.m in Sources */ = {isa = PBXBuildFile; fileRef = 6D3E01A31E0CBC5D008FE2D2 /* CCIFeature.m */; };
		6D3E02071E0CBC5D008FE2D2 /* CCIHock.m in Sources */ = {isa = PBXBuildFile; fileRef = 6D3E01A51E0CBC5D008FE2D2 /* CCIHock.m */; };
		6D3E02081E0CBC5D008FE2D2 /* CCILocation.m in Sources */ = {isa = PBXBuildFile; fileRef = 6D3E01A71E0CBC5D008FE2D2 /* CCILocation.m */; };
		6D3E02091E0CBC5D008FE2D2 /* CCIScenarioDefinition.m in Sources */ = {isa = PBXBuildFile; fileRef = 6D3E01A91E0CBC5D008FE2D2 /* CCIScenarioDefinition.m */; };
		6D3E020A1E0CBC5D008FE2D2 /* CCIStep.m in Sources */ = {isa = PBXBuildFile; fileRef = 6D3E01AB1E0CBC5D008FE2D2 /* CCIStep.m */; };
		6D3E020B1E0CBC5D008FE2D2 /* CCIStepDefinition.m in Sources */ = {isa = PBXBuildFile; fileRef = 6D3E01AD1E0CBC5D008FE2D2 /* CCIStepDefinition.m */; };
		6D3E020C1E0CBC5D008FE2D2 /* Cucumberish.m in Sources */ = {isa = PBXBuildFile; fileRef = 6D3E01AF1E0CBC5D008FE2D2 /* Cucumberish.m */; };
		6D3E020D1E0CBC5D008FE2D2 /* GHAstBuilder.m in Sources */ = {isa = PBXBuildFile; fileRef = 6D3E01B31E0CBC5D008FE2D2 /* GHAstBuilder.m */; };
		6D3E020E1E0CBC5D008FE2D2 /* GHAstNode.m in Sources */ = {isa = PBXBuildFile; fileRef = 6D3E01B51E0CBC5D008FE2D2 /* GHAstNode.m */; };
		6D3E020F1E0CBC5D008FE2D2 /* GHBackground.m in Sources */ = {isa = PBXBuildFile; fileRef = 6D3E01B71E0CBC5D008FE2D2 /* GHBackground.m */; };
		6D3E02101E0CBC5D008FE2D2 /* GHComment.m in Sources */ = {isa = PBXBuildFile; fileRef = 6D3E01B91E0CBC5D008FE2D2 /* GHComment.m */; };
		6D3E02111E0CBC5D008FE2D2 /* GHDataTable.m in Sources */ = {isa = PBXBuildFile; fileRef = 6D3E01BB1E0CBC5D008FE2D2 /* GHDataTable.m */; };
		6D3E02121E0CBC5D008FE2D2 /* GHDocString.m in Sources */ = {isa = PBXBuildFile; fileRef = 6D3E01BD1E0CBC5D008FE2D2 /* GHDocString.m */; };
		6D3E02131E0CBC5D008FE2D2 /* gherkin-languages.json in Resources */ = {isa = PBXBuildFile; fileRef = 6D3E01BE1E0CBC5D008FE2D2 /* gherkin-languages.json */; };
		6D3E02141E0CBC5D008FE2D2 /* GHExamples.m in Sources */ = {isa = PBXBuildFile; fileRef = 6D3E01C01E0CBC5D008FE2D2 /* GHExamples.m */; };
		6D3E02151E0CBC5D008FE2D2 /* GHFeature.m in Sources */ = {isa = PBXBuildFile; fileRef = 6D3E01C21E0CBC5D008FE2D2 /* GHFeature.m */; };
		6D3E02161E0CBC5D008FE2D2 /* GHGherkinDialect.m in Sources */ = {isa = PBXBuildFile; fileRef = 6D3E01C41E0CBC5D008FE2D2 /* GHGherkinDialect.m */; };
		6D3E02171E0CBC5D008FE2D2 /* GHGherkinDialectProvider.m in Sources */ = {isa = PBXBuildFile; fileRef = 6D3E01C61E0CBC5D008FE2D2 /* GHGherkinDialectProvider.m */; };
		6D3E02181E0CBC5D008FE2D2 /* GHGherkinLanguageConstants.m in Sources */ = {isa = PBXBuildFile; fileRef = 6D3E01C91E0CBC5D008FE2D2 /* GHGherkinLanguageConstants.m */; };
		6D3E02191E0CBC5D008FE2D2 /* GHGherkinLanguageSetting.m in Sources */ = {isa = PBXBuildFile; fileRef = 6D3E01CB1E0CBC5D008FE2D2 /* GHGherkinLanguageSetting.m */; };
		6D3E021A1E0CBC5D008FE2D2 /* GHGherkinLine.m in Sources */ = {isa = PBXBuildFile; fileRef = 6D3E01CD1E0CBC5D008FE2D2 /* GHGherkinLine.m */; };
		6D3E021B1E0CBC5D008FE2D2 /* GHGherkinLineSpan.m in Sources */ = {isa = PBXBuildFile; fileRef = 6D3E01D01E0CBC5D008FE2D2 /* GHGherkinLineSpan.m */; };
		6D3E021C1E0CBC5D008FE2D2 /* GHLocation.m in Sources */ = {isa = PBXBuildFile; fileRef = 6D3E01D71E0CBC5D008FE2D2 /* GHLocation.m */; };
		6D3E021D1E0CBC5D008FE2D2 /* GHNode.m in Sources */ = {isa = PBXBuildFile; fileRef = 6D3E01D91E0CBC5D008FE2D2 /* GHNode.m */; };
		6D3E021E1E0CBC5D008FE2D2 /* GHParser+Extensions.m in Sources */ = {isa = PBXBuildFile; fileRef = 6D3E01DB1E0CBC5D008FE2D2 /* GHParser+Extensions.m */; };
		6D3E021F1E0CBC5D008FE2D2 /* GHParser.m in Sources */ = {isa = PBXBuildFile; fileRef = 6D3E01DD1E0CBC5D008FE2D2 /* GHParser.m */; };
		6D3E02201E0CBC5D008FE2D2 /* GHParserException.m in Sources */ = {isa = PBXBuildFile; fileRef = 6D3E01DF1E0CBC5D008FE2D2 /* GHParserException.m */; };
		6D3E02211E0CBC5D008FE2D2 /* GHScenario.m in Sources */ = {isa = PBXBuildFile; fileRef = 6D3E01E11E0CBC5D008FE2D2 /* GHScenario.m */; };
		6D3E02221E0CBC5D008FE2D2 /* GHScenarioDefinition.m in Sources */ = {isa = PBXBuildFile; fileRef = 6D3E01E31E0CBC5D008FE2D2 /* GHScenarioDefinition.m */; };
		6D3E02231E0CBC5D008FE2D2 /* GHScenarioOutline.m in Sources */ = {isa = PBXBuildFile; fileRef = 6D3E01E61E0CBC5D008FE2D2 /* GHScenarioOutline.m */; };
		6D3E02241E0CBC5D008FE2D2 /* GHStep.m in Sources */ = {isa = PBXBuildFile; fileRef = 6D3E01E81E0CBC5D008FE2D2 /* GHStep.m */; };
		6D3E02251E0CBC5D008FE2D2 /* GHStepArgument.m in Sources */ = {isa = PBXBuildFile; fileRef = 6D3E01EA1E0CBC5D008FE2D2 /* GHStepArgument.m */; };
		6D3E02261E0CBC5D008FE2D2 /* GHTableCell.m in Sources */ = {isa = PBXBuildFile; fileRef = 6D3E01EC1E0CBC5D008FE2D2 /* GHTableCell.m */; };
		6D3E02271E0CBC5D008FE2D2 /* GHTableRow.m in Sources */ = {isa = PBXBuildFile; fileRef = 6D3E01EE1E0CBC5D008FE2D2 /* GHTableRow.m */; };
		6D3E02281E0CBC5D008FE2D2 /* GHTag.m in Sources */ = {isa = PBXBuildFile; fileRef = 6D3E01F01E0CBC5D008FE2D2 /* GHTag.m */; };
		6D3E02291E0CBC5D008FE2D2 /* GHToken.m in Sources */ = {isa = PBXBuildFile; fileRef = 6D3E01F21E0CBC5D008FE2D2 /* GHToken.m */; };
		6D3E022A1E0CBC5D008FE2D2 /* GHTokenMatcher.m in Sources */ = {isa = PBXBuildFile; fileRef = 6D3E01F41E0CBC5D008FE2D2 /* GHTokenMatcher.m */; };
		6D3E022B1E0CBC5D008FE2D2 /* GHTokenScanner.m in Sources */ = {isa = PBXBuildFile; fileRef = 6D3E01F61E0CBC5D008FE2D2 /* GHTokenScanner.m */; };
		6D3E022C1E0CBC5D008FE2D2 /* NSString+Trim.m in Sources */ = {isa = PBXBuildFile; fileRef = 6D3E01F81E0CBC5D008FE2D2 /* NSString+Trim.m */; };
		6D3E022D1E0CBC5D008FE2D2 /* NSArray+Hashes.m in Sources */ = {isa = PBXBuildFile; fileRef = 6D3E01FB1E0CBC5D008FE2D2 /* NSArray+Hashes.m */; };
		6D3E022E1E0CBC5D008FE2D2 /* NSObject+Dictionary.m in Sources */ = {isa = PBXBuildFile; fileRef = 6D3E01FD1E0CBC5D008FE2D2 /* NSObject+Dictionary.m */; };
		6D3E022F1E0CBC5D008FE2D2 /* NSString+Formatter.m in Sources */ = {isa = PBXBuildFile; fileRef = 6D3E01FF1E0CBC5D008FE2D2 /* NSString+Formatter.m */; };
		6D3E02311E0CBC6F008FE2D2 /* Features in Resources */ = {isa = PBXBuildFile; fileRef = 6D3E02301E0CBC6F008FE2D2 /* Features */; };
/* End PBXBuildFile section */

/* Begin PBXContainerItemProxy section */
		6D3E00B41E0CBB7A008FE2D2 /* PBXContainerItemProxy */ = {
			isa = PBXContainerItemProxy;
			containerPortal = 6D3E00971E0CBB79008FE2D2 /* Project object */;
			proxyType = 1;
			remoteGlobalIDString = 6D3E009E1E0CBB79008FE2D2;
			remoteInfo = SampleAppSw2;
		};
		6D3E018F1E0CBC4E008FE2D2 /* PBXContainerItemProxy */ = {
			isa = PBXContainerItemProxy;
			containerPortal = 6D3E00971E0CBB79008FE2D2 /* Project object */;
			proxyType = 1;
			remoteGlobalIDString = 6D3E009E1E0CBB79008FE2D2;
			remoteInfo = SampleAppSw2;
		};
/* End PBXContainerItemProxy section */

/* Begin PBXFileReference section */
		6D3E009F1E0CBB79008FE2D2 /* SampleAppSw2.app */ = {isa = PBXFileReference; explicitFileType = wrapper.application; includeInIndex = 0; path = SampleAppSw2.app; sourceTree = BUILT_PRODUCTS_DIR; };
		6D3E00A21E0CBB7A008FE2D2 /* AppDelegate.swift */ = {isa = PBXFileReference; lastKnownFileType = sourcecode.swift; path = AppDelegate.swift; sourceTree = "<group>"; };
		6D3E00A41E0CBB7A008FE2D2 /* ViewController.swift */ = {isa = PBXFileReference; lastKnownFileType = sourcecode.swift; path = ViewController.swift; sourceTree = "<group>"; };
		6D3E00A71E0CBB7A008FE2D2 /* Base */ = {isa = PBXFileReference; lastKnownFileType = file.storyboard; name = Base; path = Base.lproj/Main.storyboard; sourceTree = "<group>"; };
		6D3E00A91E0CBB7A008FE2D2 /* Assets.xcassets */ = {isa = PBXFileReference; lastKnownFileType = folder.assetcatalog; path = Assets.xcassets; sourceTree = "<group>"; };
		6D3E00AC1E0CBB7A008FE2D2 /* Base */ = {isa = PBXFileReference; lastKnownFileType = file.storyboard; name = Base; path = Base.lproj/LaunchScreen.storyboard; sourceTree = "<group>"; };
		6D3E00AE1E0CBB7A008FE2D2 /* Info.plist */ = {isa = PBXFileReference; lastKnownFileType = text.plist.xml; path = Info.plist; sourceTree = "<group>"; };
		6D3E00B31E0CBB7A008FE2D2 /* SampleAppSw2Tests.xctest */ = {isa = PBXFileReference; explicitFileType = wrapper.cfbundle; includeInIndex = 0; path = SampleAppSw2Tests.xctest; sourceTree = BUILT_PRODUCTS_DIR; };
		6D3E00B71E0CBB7A008FE2D2 /* SampleAppSw2Tests.swift */ = {isa = PBXFileReference; lastKnownFileType = sourcecode.swift; path = SampleAppSw2Tests.swift; sourceTree = "<group>"; };
		6D3E00B91E0CBB7A008FE2D2 /* Info.plist */ = {isa = PBXFileReference; lastKnownFileType = text.plist.xml; path = Info.plist; sourceTree = "<group>"; };
		6D3E00C21E0CBBAE008FE2D2 /* Bank.swift */ = {isa = PBXFileReference; fileEncoding = 4; lastKnownFileType = sourcecode.swift; path = Bank.swift; sourceTree = "<group>"; };
		6D3E00C31E0CBBAE008FE2D2 /* SAFCaculateRevenueViewController.swift */ = {isa = PBXFileReference; fileEncoding = 4; lastKnownFileType = sourcecode.swift; path = SAFCaculateRevenueViewController.swift; sourceTree = "<group>"; };
		6D3E00C41E0CBBAE008FE2D2 /* SAFSignInViewController.swift */ = {isa = PBXFileReference; fileEncoding = 4; lastKnownFileType = sourcecode.swift; path = SAFSignInViewController.swift; sourceTree = "<group>"; };
		6D3E01831E0CBC4B008FE2D2 /* CucumberishUITest.xctest */ = {isa = PBXFileReference; explicitFileType = wrapper.cfbundle; includeInIndex = 0; path = CucumberishUITest.xctest; sourceTree = BUILT_PRODUCTS_DIR; };
		6D3E01851E0CBC4B008FE2D2 /* CucumberishUITest.swift */ = {isa = PBXFileReference; lastKnownFileType = sourcecode.swift; path = CucumberishUITest.swift; sourceTree = "<group>"; };
		6D3E01871E0CBC4B008FE2D2 /* CucumberishUITest-Bridging-Header.h */ = {isa = PBXFileReference; lastKnownFileType = sourcecode.c.h; path = "CucumberishUITest-Bridging-Header.h"; sourceTree = "<group>"; };
		6D3E01881E0CBC4B008FE2D2 /* CucumberishUITest.h */ = {isa = PBXFileReference; lastKnownFileType = sourcecode.c.h; path = CucumberishUITest.h; sourceTree = "<group>"; };
		6D3E01891E0CBC4B008FE2D2 /* CucumberishUITest.m */ = {isa = PBXFileReference; lastKnownFileType = sourcecode.c.objc; path = CucumberishUITest.m; sourceTree = "<group>"; };
		6D3E018B1E0CBC4B008FE2D2 /* Info.plist */ = {isa = PBXFileReference; lastKnownFileType = text.plist.xml; path = Info.plist; sourceTree = "<group>"; };
		6D3E01931E0CBC5D008FE2D2 /* CCIBlockDefinitions.h */ = {isa = PBXFileReference; fileEncoding = 4; lastKnownFileType = sourcecode.c.h; path = CCIBlockDefinitions.h; sourceTree = "<group>"; };
		6D3E01951E0CBC5D008FE2D2 /* CCIFeaturesManager.h */ = {isa = PBXFileReference; fileEncoding = 4; lastKnownFileType = sourcecode.c.h; path = CCIFeaturesManager.h; sourceTree = "<group>"; };
		6D3E01961E0CBC5D008FE2D2 /* CCIFeaturesManager.m */ = {isa = PBXFileReference; fileEncoding = 4; lastKnownFileType = sourcecode.c.objc; path = CCIFeaturesManager.m; sourceTree = "<group>"; };
		6D3E01971E0CBC5D008FE2D2 /* CCIStepsManager.h */ = {isa = PBXFileReference; fileEncoding = 4; lastKnownFileType = sourcecode.c.h; path = CCIStepsManager.h; sourceTree = "<group>"; };
		6D3E01981E0CBC5D008FE2D2 /* CCIStepsManager.m */ = {isa = PBXFileReference; fileEncoding = 4; lastKnownFileType = sourcecode.c.objc; path = CCIStepsManager.m; sourceTree = "<group>"; };
		6D3E019A1E0CBC5D008FE2D2 /* CCIArgument.h */ = {isa = PBXFileReference; fileEncoding = 4; lastKnownFileType = sourcecode.c.h; path = CCIArgument.h; sourceTree = "<group>"; };
		6D3E019B1E0CBC5D008FE2D2 /* CCIArgument.m */ = {isa = PBXFileReference; fileEncoding = 4; lastKnownFileType = sourcecode.c.objc; path = CCIArgument.m; sourceTree = "<group>"; };
		6D3E019C1E0CBC5D008FE2D2 /* CCIAroundHock.h */ = {isa = PBXFileReference; fileEncoding = 4; lastKnownFileType = sourcecode.c.h; path = CCIAroundHock.h; sourceTree = "<group>"; };
		6D3E019D1E0CBC5D008FE2D2 /* CCIAroundHock.m */ = {isa = PBXFileReference; fileEncoding = 4; lastKnownFileType = sourcecode.c.objc; path = CCIAroundHock.m; sourceTree = "<group>"; };
		6D3E019E1E0CBC5D008FE2D2 /* CCIBackground.h */ = {isa = PBXFileReference; fileEncoding = 4; lastKnownFileType = sourcecode.c.h; path = CCIBackground.h; sourceTree = "<group>"; };
		6D3E019F1E0CBC5D008FE2D2 /* CCIBackground.m */ = {isa = PBXFileReference; fileEncoding = 4; lastKnownFileType = sourcecode.c.objc; path = CCIBackground.m; sourceTree = "<group>"; };
		6D3E01A01E0CBC5D008FE2D2 /* CCIExample.h */ = {isa = PBXFileReference; fileEncoding = 4; lastKnownFileType = sourcecode.c.h; path = CCIExample.h; sourceTree = "<group>"; };
		6D3E01A11E0CBC5D008FE2D2 /* CCIExample.m */ = {isa = PBXFileReference; fileEncoding = 4; lastKnownFileType = sourcecode.c.objc; path = CCIExample.m; sourceTree = "<group>"; };
		6D3E01A21E0CBC5D008FE2D2 /* CCIFeature.h */ = {isa = PBXFileReference; fileEncoding = 4; lastKnownFileType = sourcecode.c.h; path = CCIFeature.h; sourceTree = "<group>"; };
		6D3E01A31E0CBC5D008FE2D2 /* CCIFeature.m */ = {isa = PBXFileReference; fileEncoding = 4; lastKnownFileType = sourcecode.c.objc; path = CCIFeature.m; sourceTree = "<group>"; };
		6D3E01A41E0CBC5D008FE2D2 /* CCIHock.h */ = {isa = PBXFileReference; fileEncoding = 4; lastKnownFileType = sourcecode.c.h; path = CCIHock.h; sourceTree = "<group>"; };
		6D3E01A51E0CBC5D008FE2D2 /* CCIHock.m */ = {isa = PBXFileReference; fileEncoding = 4; lastKnownFileType = sourcecode.c.objc; path = CCIHock.m; sourceTree = "<group>"; };
		6D3E01A61E0CBC5D008FE2D2 /* CCILocation.h */ = {isa = PBXFileReference; fileEncoding = 4; lastKnownFileType = sourcecode.c.h; path = CCILocation.h; sourceTree = "<group>"; };
		6D3E01A71E0CBC5D008FE2D2 /* CCILocation.m */ = {isa = PBXFileReference; fileEncoding = 4; lastKnownFileType = sourcecode.c.objc; path = CCILocation.m; sourceTree = "<group>"; };
		6D3E01A81E0CBC5D008FE2D2 /* CCIScenarioDefinition.h */ = {isa = PBXFileReference; fileEncoding = 4; lastKnownFileType = sourcecode.c.h; path = CCIScenarioDefinition.h; sourceTree = "<group>"; };
		6D3E01A91E0CBC5D008FE2D2 /* CCIScenarioDefinition.m */ = {isa = PBXFileReference; fileEncoding = 4; lastKnownFileType = sourcecode.c.objc; path = CCIScenarioDefinition.m; sourceTree = "<group>"; };
		6D3E01AA1E0CBC5D008FE2D2 /* CCIStep.h */ = {isa = PBXFileReference; fileEncoding = 4; lastKnownFileType = sourcecode.c.h; path = CCIStep.h; sourceTree = "<group>"; };
		6D3E01AB1E0CBC5D008FE2D2 /* CCIStep.m */ = {isa = PBXFileReference; fileEncoding = 4; lastKnownFileType = sourcecode.c.objc; path = CCIStep.m; sourceTree = "<group>"; };
		6D3E01AC1E0CBC5D008FE2D2 /* CCIStepDefinition.h */ = {isa = PBXFileReference; fileEncoding = 4; lastKnownFileType = sourcecode.c.h; path = CCIStepDefinition.h; sourceTree = "<group>"; };
		6D3E01AD1E0CBC5D008FE2D2 /* CCIStepDefinition.m */ = {isa = PBXFileReference; fileEncoding = 4; lastKnownFileType = sourcecode.c.objc; path = CCIStepDefinition.m; sourceTree = "<group>"; };
		6D3E01AE1E0CBC5D008FE2D2 /* Cucumberish.h */ = {isa = PBXFileReference; fileEncoding = 4; lastKnownFileType = sourcecode.c.h; path = Cucumberish.h; sourceTree = "<group>"; };
		6D3E01AF1E0CBC5D008FE2D2 /* Cucumberish.m */ = {isa = PBXFileReference; fileEncoding = 4; lastKnownFileType = sourcecode.c.objc; path = Cucumberish.m; sourceTree = "<group>"; };
		6D3E01B21E0CBC5D008FE2D2 /* GHAstBuilder.h */ = {isa = PBXFileReference; fileEncoding = 4; lastKnownFileType = sourcecode.c.h; path = GHAstBuilder.h; sourceTree = "<group>"; };
		6D3E01B31E0CBC5D008FE2D2 /* GHAstBuilder.m */ = {isa = PBXFileReference; fileEncoding = 4; lastKnownFileType = sourcecode.c.objc; path = GHAstBuilder.m; sourceTree = "<group>"; };
		6D3E01B41E0CBC5D008FE2D2 /* GHAstNode.h */ = {isa = PBXFileReference; fileEncoding = 4; lastKnownFileType = sourcecode.c.h; path = GHAstNode.h; sourceTree = "<group>"; };
		6D3E01B51E0CBC5D008FE2D2 /* GHAstNode.m */ = {isa = PBXFileReference; fileEncoding = 4; lastKnownFileType = sourcecode.c.objc; path = GHAstNode.m; sourceTree = "<group>"; };
		6D3E01B61E0CBC5D008FE2D2 /* GHBackground.h */ = {isa = PBXFileReference; fileEncoding = 4; lastKnownFileType = sourcecode.c.h; path = GHBackground.h; sourceTree = "<group>"; };
		6D3E01B71E0CBC5D008FE2D2 /* GHBackground.m */ = {isa = PBXFileReference; fileEncoding = 4; lastKnownFileType = sourcecode.c.objc; path = GHBackground.m; sourceTree = "<group>"; };
		6D3E01B81E0CBC5D008FE2D2 /* GHComment.h */ = {isa = PBXFileReference; fileEncoding = 4; lastKnownFileType = sourcecode.c.h; path = GHComment.h; sourceTree = "<group>"; };
		6D3E01B91E0CBC5D008FE2D2 /* GHComment.m */ = {isa = PBXFileReference; fileEncoding = 4; lastKnownFileType = sourcecode.c.objc; path = GHComment.m; sourceTree = "<group>"; };
		6D3E01BA1E0CBC5D008FE2D2 /* GHDataTable.h */ = {isa = PBXFileReference; fileEncoding = 4; lastKnownFileType = sourcecode.c.h; path = GHDataTable.h; sourceTree = "<group>"; };
		6D3E01BB1E0CBC5D008FE2D2 /* GHDataTable.m */ = {isa = PBXFileReference; fileEncoding = 4; lastKnownFileType = sourcecode.c.objc; path = GHDataTable.m; sourceTree = "<group>"; };
		6D3E01BC1E0CBC5D008FE2D2 /* GHDocString.h */ = {isa = PBXFileReference; fileEncoding = 4; lastKnownFileType = sourcecode.c.h; path = GHDocString.h; sourceTree = "<group>"; };
		6D3E01BD1E0CBC5D008FE2D2 /* GHDocString.m */ = {isa = PBXFileReference; fileEncoding = 4; lastKnownFileType = sourcecode.c.objc; path = GHDocString.m; sourceTree = "<group>"; };
		6D3E01BE1E0CBC5D008FE2D2 /* gherkin-languages.json */ = {isa = PBXFileReference; fileEncoding = 4; lastKnownFileType = text.json; path = "gherkin-languages.json"; sourceTree = "<group>"; };
		6D3E01BF1E0CBC5D008FE2D2 /* GHExamples.h */ = {isa = PBXFileReference; fileEncoding = 4; lastKnownFileType = sourcecode.c.h; path = GHExamples.h; sourceTree = "<group>"; };
		6D3E01C01E0CBC5D008FE2D2 /* GHExamples.m */ = {isa = PBXFileReference; fileEncoding = 4; lastKnownFileType = sourcecode.c.objc; path = GHExamples.m; sourceTree = "<group>"; };
		6D3E01C11E0CBC5D008FE2D2 /* GHFeature.h */ = {isa = PBXFileReference; fileEncoding = 4; lastKnownFileType = sourcecode.c.h; path = GHFeature.h; sourceTree = "<group>"; };
		6D3E01C21E0CBC5D008FE2D2 /* GHFeature.m */ = {isa = PBXFileReference; fileEncoding = 4; lastKnownFileType = sourcecode.c.objc; path = GHFeature.m; sourceTree = "<group>"; };
		6D3E01C31E0CBC5D008FE2D2 /* GHGherkinDialect.h */ = {isa = PBXFileReference; fileEncoding = 4; lastKnownFileType = sourcecode.c.h; path = GHGherkinDialect.h; sourceTree = "<group>"; };
		6D3E01C41E0CBC5D008FE2D2 /* GHGherkinDialect.m */ = {isa = PBXFileReference; fileEncoding = 4; lastKnownFileType = sourcecode.c.objc; path = GHGherkinDialect.m; sourceTree = "<group>"; };
		6D3E01C51E0CBC5D008FE2D2 /* GHGherkinDialectProvider.h */ = {isa = PBXFileReference; fileEncoding = 4; lastKnownFileType = sourcecode.c.h; path = GHGherkinDialectProvider.h; sourceTree = "<group>"; };
		6D3E01C61E0CBC5D008FE2D2 /* GHGherkinDialectProvider.m */ = {isa = PBXFileReference; fileEncoding = 4; lastKnownFileType = sourcecode.c.objc; path = GHGherkinDialectProvider.m; sourceTree = "<group>"; };
		6D3E01C71E0CBC5D008FE2D2 /* GHGherkinDialectProviderProtocol.h */ = {isa = PBXFileReference; fileEncoding = 4; lastKnownFileType = sourcecode.c.h; path = GHGherkinDialectProviderProtocol.h; sourceTree = "<group>"; };
		6D3E01C81E0CBC5D008FE2D2 /* GHGherkinLanguageConstants.h */ = {isa = PBXFileReference; fileEncoding = 4; lastKnownFileType = sourcecode.c.h; path = GHGherkinLanguageConstants.h; sourceTree = "<group>"; };
		6D3E01C91E0CBC5D008FE2D2 /* GHGherkinLanguageConstants.m */ = {isa = PBXFileReference; fileEncoding = 4; lastKnownFileType = sourcecode.c.objc; path = GHGherkinLanguageConstants.m; sourceTree = "<group>"; };
		6D3E01CA1E0CBC5D008FE2D2 /* GHGherkinLanguageSetting.h */ = {isa = PBXFileReference; fileEncoding = 4; lastKnownFileType = sourcecode.c.h; path = GHGherkinLanguageSetting.h; sourceTree = "<group>"; };
		6D3E01CB1E0CBC5D008FE2D2 /* GHGherkinLanguageSetting.m */ = {isa = PBXFileReference; fileEncoding = 4; lastKnownFileType = sourcecode.c.objc; path = GHGherkinLanguageSetting.m; sourceTree = "<group>"; };
		6D3E01CC1E0CBC5D008FE2D2 /* GHGherkinLine.h */ = {isa = PBXFileReference; fileEncoding = 4; lastKnownFileType = sourcecode.c.h; path = GHGherkinLine.h; sourceTree = "<group>"; };
		6D3E01CD1E0CBC5D008FE2D2 /* GHGherkinLine.m */ = {isa = PBXFileReference; fileEncoding = 4; lastKnownFileType = sourcecode.c.objc; path = GHGherkinLine.m; sourceTree = "<group>"; };
		6D3E01CE1E0CBC5D008FE2D2 /* GHGherkinLineProtocol.h */ = {isa = PBXFileReference; fileEncoding = 4; lastKnownFileType = sourcecode.c.h; path = GHGherkinLineProtocol.h; sourceTree = "<group>"; };
		6D3E01CF1E0CBC5D008FE2D2 /* GHGherkinLineSpan.h */ = {isa = PBXFileReference; fileEncoding = 4; lastKnownFileType = sourcecode.c.h; path = GHGherkinLineSpan.h; sourceTree = "<group>"; };
		6D3E01D01E0CBC5D008FE2D2 /* GHGherkinLineSpan.m */ = {isa = PBXFileReference; fileEncoding = 4; lastKnownFileType = sourcecode.c.objc; path = GHGherkinLineSpan.m; sourceTree = "<group>"; };
		6D3E01D11E0CBC5D008FE2D2 /* GHHasDescriptionProtocol.h */ = {isa = PBXFileReference; fileEncoding = 4; lastKnownFileType = sourcecode.c.h; path = GHHasDescriptionProtocol.h; sourceTree = "<group>"; };
		6D3E01D21E0CBC5D008FE2D2 /* GHHasLocationProtocol.h */ = {isa = PBXFileReference; fileEncoding = 4; lastKnownFileType = sourcecode.c.h; path = GHHasLocationProtocol.h; sourceTree = "<group>"; };
		6D3E01D31E0CBC5D008FE2D2 /* GHHasRowsProtocol.h */ = {isa = PBXFileReference; fileEncoding = 4; lastKnownFileType = sourcecode.c.h; path = GHHasRowsProtocol.h; sourceTree = "<group>"; };
		6D3E01D41E0CBC5D008FE2D2 /* GHHasStepsProtocol.h */ = {isa = PBXFileReference; fileEncoding = 4; lastKnownFileType = sourcecode.c.h; path = GHHasStepsProtocol.h; sourceTree = "<group>"; };
		6D3E01D51E0CBC5D008FE2D2 /* GHHasTagsProtocol.h */ = {isa = PBXFileReference; fileEncoding = 4; lastKnownFileType = sourcecode.c.h; path = GHHasTagsProtocol.h; sourceTree = "<group>"; };
		6D3E01D61E0CBC5D008FE2D2 /* GHLocation.h */ = {isa = PBXFileReference; fileEncoding = 4; lastKnownFileType = sourcecode.c.h; path = GHLocation.h; sourceTree = "<group>"; };
		6D3E01D71E0CBC5D008FE2D2 /* GHLocation.m */ = {isa = PBXFileReference; fileEncoding = 4; lastKnownFileType = sourcecode.c.objc; path = GHLocation.m; sourceTree = "<group>"; };
		6D3E01D81E0CBC5D008FE2D2 /* GHNode.h */ = {isa = PBXFileReference; fileEncoding = 4; lastKnownFileType = sourcecode.c.h; path = GHNode.h; sourceTree = "<group>"; };
		6D3E01D91E0CBC5D008FE2D2 /* GHNode.m */ = {isa = PBXFileReference; fileEncoding = 4; lastKnownFileType = sourcecode.c.objc; path = GHNode.m; sourceTree = "<group>"; };
		6D3E01DA1E0CBC5D008FE2D2 /* GHParser+Extensions.h */ = {isa = PBXFileReference; fileEncoding = 4; lastKnownFileType = sourcecode.c.h; path = "GHParser+Extensions.h"; sourceTree = "<group>"; };
		6D3E01DB1E0CBC5D008FE2D2 /* GHParser+Extensions.m */ = {isa = PBXFileReference; fileEncoding = 4; lastKnownFileType = sourcecode.c.objc; path = "GHParser+Extensions.m"; sourceTree = "<group>"; };
		6D3E01DC1E0CBC5D008FE2D2 /* GHParser.h */ = {isa = PBXFileReference; fileEncoding = 4; lastKnownFileType = sourcecode.c.h; path = GHParser.h; sourceTree = "<group>"; };
		6D3E01DD1E0CBC5D008FE2D2 /* GHParser.m */ = {isa = PBXFileReference; fileEncoding = 4; lastKnownFileType = sourcecode.c.objc; path = GHParser.m; sourceTree = "<group>"; };
		6D3E01DE1E0CBC5D008FE2D2 /* GHParserException.h */ = {isa = PBXFileReference; fileEncoding = 4; lastKnownFileType = sourcecode.c.h; path = GHParserException.h; sourceTree = "<group>"; };
		6D3E01DF1E0CBC5D008FE2D2 /* GHParserException.m */ = {isa = PBXFileReference; fileEncoding = 4; lastKnownFileType = sourcecode.c.objc; path = GHParserException.m; sourceTree = "<group>"; };
		6D3E01E01E0CBC5D008FE2D2 /* GHScenario.h */ = {isa = PBXFileReference; fileEncoding = 4; lastKnownFileType = sourcecode.c.h; path = GHScenario.h; sourceTree = "<group>"; };
		6D3E01E11E0CBC5D008FE2D2 /* GHScenario.m */ = {isa = PBXFileReference; fileEncoding = 4; lastKnownFileType = sourcecode.c.objc; path = GHScenario.m; sourceTree = "<group>"; };
		6D3E01E21E0CBC5D008FE2D2 /* GHScenarioDefinition.h */ = {isa = PBXFileReference; fileEncoding = 4; lastKnownFileType = sourcecode.c.h; path = GHScenarioDefinition.h; sourceTree = "<group>"; };
		6D3E01E31E0CBC5D008FE2D2 /* GHScenarioDefinition.m */ = {isa = PBXFileReference; fileEncoding = 4; lastKnownFileType = sourcecode.c.objc; path = GHScenarioDefinition.m; sourceTree = "<group>"; };
		6D3E01E41E0CBC5D008FE2D2 /* GHScenarioDefinition_Private.h */ = {isa = PBXFileReference; fileEncoding = 4; lastKnownFileType = sourcecode.c.h; path = GHScenarioDefinition_Private.h; sourceTree = "<group>"; };
		6D3E01E51E0CBC5D008FE2D2 /* GHScenarioOutline.h */ = {isa = PBXFileReference; fileEncoding = 4; lastKnownFileType = sourcecode.c.h; path = GHScenarioOutline.h; sourceTree = "<group>"; };
		6D3E01E61E0CBC5D008FE2D2 /* GHScenarioOutline.m */ = {isa = PBXFileReference; fileEncoding = 4; lastKnownFileType = sourcecode.c.objc; path = GHScenarioOutline.m; sourceTree = "<group>"; };
		6D3E01E71E0CBC5D008FE2D2 /* GHStep.h */ = {isa = PBXFileReference; fileEncoding = 4; lastKnownFileType = sourcecode.c.h; path = GHStep.h; sourceTree = "<group>"; };
		6D3E01E81E0CBC5D008FE2D2 /* GHStep.m */ = {isa = PBXFileReference; fileEncoding = 4; lastKnownFileType = sourcecode.c.objc; path = GHStep.m; sourceTree = "<group>"; };
		6D3E01E91E0CBC5D008FE2D2 /* GHStepArgument.h */ = {isa = PBXFileReference; fileEncoding = 4; lastKnownFileType = sourcecode.c.h; path = GHStepArgument.h; sourceTree = "<group>"; };
		6D3E01EA1E0CBC5D008FE2D2 /* GHStepArgument.m */ = {isa = PBXFileReference; fileEncoding = 4; lastKnownFileType = sourcecode.c.objc; path = GHStepArgument.m; sourceTree = "<group>"; };
		6D3E01EB1E0CBC5D008FE2D2 /* GHTableCell.h */ = {isa = PBXFileReference; fileEncoding = 4; lastKnownFileType = sourcecode.c.h; path = GHTableCell.h; sourceTree = "<group>"; };
		6D3E01EC1E0CBC5D008FE2D2 /* GHTableCell.m */ = {isa = PBXFileReference; fileEncoding = 4; lastKnownFileType = sourcecode.c.objc; path = GHTableCell.m; sourceTree = "<group>"; };
		6D3E01ED1E0CBC5D008FE2D2 /* GHTableRow.h */ = {isa = PBXFileReference; fileEncoding = 4; lastKnownFileType = sourcecode.c.h; path = GHTableRow.h; sourceTree = "<group>"; };
		6D3E01EE1E0CBC5D008FE2D2 /* GHTableRow.m */ = {isa = PBXFileReference; fileEncoding = 4; lastKnownFileType = sourcecode.c.objc; path = GHTableRow.m; sourceTree = "<group>"; };
		6D3E01EF1E0CBC5D008FE2D2 /* GHTag.h */ = {isa = PBXFileReference; fileEncoding = 4; lastKnownFileType = sourcecode.c.h; path = GHTag.h; sourceTree = "<group>"; };
		6D3E01F01E0CBC5D008FE2D2 /* GHTag.m */ = {isa = PBXFileReference; fileEncoding = 4; lastKnownFileType = sourcecode.c.objc; path = GHTag.m; sourceTree = "<group>"; };
		6D3E01F11E0CBC5D008FE2D2 /* GHToken.h */ = {isa = PBXFileReference; fileEncoding = 4; lastKnownFileType = sourcecode.c.h; path = GHToken.h; sourceTree = "<group>"; };
		6D3E01F21E0CBC5D008FE2D2 /* GHToken.m */ = {isa = PBXFileReference; fileEncoding = 4; lastKnownFileType = sourcecode.c.objc; path = GHToken.m; sourceTree = "<group>"; };
		6D3E01F31E0CBC5D008FE2D2 /* GHTokenMatcher.h */ = {isa = PBXFileReference; fileEncoding = 4; lastKnownFileType = sourcecode.c.h; path = GHTokenMatcher.h; sourceTree = "<group>"; };
		6D3E01F41E0CBC5D008FE2D2 /* GHTokenMatcher.m */ = {isa = PBXFileReference; fileEncoding = 4; lastKnownFileType = sourcecode.c.objc; path = GHTokenMatcher.m; sourceTree = "<group>"; };
		6D3E01F51E0CBC5D008FE2D2 /* GHTokenScanner.h */ = {isa = PBXFileReference; fileEncoding = 4; lastKnownFileType = sourcecode.c.h; path = GHTokenScanner.h; sourceTree = "<group>"; };
		6D3E01F61E0CBC5D008FE2D2 /* GHTokenScanner.m */ = {isa = PBXFileReference; fileEncoding = 4; lastKnownFileType = sourcecode.c.objc; path = GHTokenScanner.m; sourceTree = "<group>"; };
		6D3E01F71E0CBC5D008FE2D2 /* NSString+Trim.h */ = {isa = PBXFileReference; fileEncoding = 4; lastKnownFileType = sourcecode.c.h; path = "NSString+Trim.h"; sourceTree = "<group>"; };
		6D3E01F81E0CBC5D008FE2D2 /* NSString+Trim.m */ = {isa = PBXFileReference; fileEncoding = 4; lastKnownFileType = sourcecode.c.objc; path = "NSString+Trim.m"; sourceTree = "<group>"; };
		6D3E01FA1E0CBC5D008FE2D2 /* NSArray+Hashes.h */ = {isa = PBXFileReference; fileEncoding = 4; lastKnownFileType = sourcecode.c.h; path = "NSArray+Hashes.h"; sourceTree = "<group>"; };
		6D3E01FB1E0CBC5D008FE2D2 /* NSArray+Hashes.m */ = {isa = PBXFileReference; fileEncoding = 4; lastKnownFileType = sourcecode.c.objc; path = "NSArray+Hashes.m"; sourceTree = "<group>"; };
		6D3E01FC1E0CBC5D008FE2D2 /* NSObject+Dictionary.h */ = {isa = PBXFileReference; fileEncoding = 4; lastKnownFileType = sourcecode.c.h; path = "NSObject+Dictionary.h"; sourceTree = "<group>"; };
		6D3E01FD1E0CBC5D008FE2D2 /* NSObject+Dictionary.m */ = {isa = PBXFileReference; fileEncoding = 4; lastKnownFileType = sourcecode.c.objc; path = "NSObject+Dictionary.m"; sourceTree = "<group>"; };
		6D3E01FE1E0CBC5D008FE2D2 /* NSString+Formatter.h */ = {isa = PBXFileReference; fileEncoding = 4; lastKnownFileType = sourcecode.c.h; path = "NSString+Formatter.h"; sourceTree = "<group>"; };
		6D3E01FF1E0CBC5D008FE2D2 /* NSString+Formatter.m */ = {isa = PBXFileReference; fileEncoding = 4; lastKnownFileType = sourcecode.c.objc; path = "NSString+Formatter.m"; sourceTree = "<group>"; };
		6D3E02301E0CBC6F008FE2D2 /* Features */ = {isa = PBXFileReference; lastKnownFileType = folder; path = Features; sourceTree = "<group>"; };
/* End PBXFileReference section */

/* Begin PBXFrameworksBuildPhase section */
		6D3E009C1E0CBB79008FE2D2 /* Frameworks */ = {
			isa = PBXFrameworksBuildPhase;
			buildActionMask = 2147483647;
			files = (
			);
			runOnlyForDeploymentPostprocessing = 0;
		};
		6D3E00B01E0CBB7A008FE2D2 /* Frameworks */ = {
			isa = PBXFrameworksBuildPhase;
			buildActionMask = 2147483647;
			files = (
			);
			runOnlyForDeploymentPostprocessing = 0;
		};
		6D3E017D1E0CBC4B008FE2D2 /* Frameworks */ = {
			isa = PBXFrameworksBuildPhase;
			buildActionMask = 2147483647;
			files = (
			);
			runOnlyForDeploymentPostprocessing = 0;
		};
		6D3E01801E0CBC4B008FE2D2 /* Frameworks */ = {
			isa = PBXFrameworksBuildPhase;
			buildActionMask = 2147483647;
			files = (
			);
			runOnlyForDeploymentPostprocessing = 0;
		};
/* End PBXFrameworksBuildPhase section */

/* Begin PBXGroup section */
		6D3E00961E0CBB79008FE2D2 = {
			isa = PBXGroup;
			children = (
				6D3E00A11E0CBB7A008FE2D2 /* SampleAppSw2 */,
				6D3E00B61E0CBB7A008FE2D2 /* SampleAppSw2Tests */,
				6D3E01841E0CBC4B008FE2D2 /* CucumberishUITest */,
				6D3E00A01E0CBB79008FE2D2 /* Products */,
			);
			sourceTree = "<group>";
		};
		6D3E00A01E0CBB79008FE2D2 /* Products */ = {
			isa = PBXGroup;
			children = (
				6D3E009F1E0CBB79008FE2D2 /* SampleAppSw2.app */,
				6D3E00B31E0CBB7A008FE2D2 /* SampleAppSw2Tests.xctest */,
				6D3E01831E0CBC4B008FE2D2 /* CucumberishUITest.xctest */,
			);
			name = Products;
			sourceTree = "<group>";
		};
		6D3E00A11E0CBB7A008FE2D2 /* SampleAppSw2 */ = {
			isa = PBXGroup;
			children = (
				6D3E00A21E0CBB7A008FE2D2 /* AppDelegate.swift */,
				6D3E00C21E0CBBAE008FE2D2 /* Bank.swift */,
				6D3E00C31E0CBBAE008FE2D2 /* SAFCaculateRevenueViewController.swift */,
				6D3E00C41E0CBBAE008FE2D2 /* SAFSignInViewController.swift */,
				6D3E00A41E0CBB7A008FE2D2 /* ViewController.swift */,
				6D3E00A61E0CBB7A008FE2D2 /* Main.storyboard */,
				6D3E00A91E0CBB7A008FE2D2 /* Assets.xcassets */,
				6D3E00AB1E0CBB7A008FE2D2 /* LaunchScreen.storyboard */,
				6D3E00AE1E0CBB7A008FE2D2 /* Info.plist */,
			);
			path = SampleAppSw2;
			sourceTree = "<group>";
		};
		6D3E00B61E0CBB7A008FE2D2 /* SampleAppSw2Tests */ = {
			isa = PBXGroup;
			children = (
				6D3E00B71E0CBB7A008FE2D2 /* SampleAppSw2Tests.swift */,
				6D3E00B91E0CBB7A008FE2D2 /* Info.plist */,
			);
			path = SampleAppSw2Tests;
			sourceTree = "<group>";
		};
		6D3E01841E0CBC4B008FE2D2 /* CucumberishUITest */ = {
			isa = PBXGroup;
			children = (
				6D3E02301E0CBC6F008FE2D2 /* Features */,
				6D3E01911E0CBC5D008FE2D2 /* Cucumberish */,
				6D3E01851E0CBC4B008FE2D2 /* CucumberishUITest.swift */,
				6D3E01871E0CBC4B008FE2D2 /* CucumberishUITest-Bridging-Header.h */,
				6D3E01881E0CBC4B008FE2D2 /* CucumberishUITest.h */,
				6D3E01891E0CBC4B008FE2D2 /* CucumberishUITest.m */,
				6D3E018B1E0CBC4B008FE2D2 /* Info.plist */,
			);
			path = CucumberishUITest;
			sourceTree = "<group>";
		};
		6D3E01911E0CBC5D008FE2D2 /* Cucumberish */ = {
			isa = PBXGroup;
			children = (
				6D3E01921E0CBC5D008FE2D2 /* Core */,
				6D3E01AE1E0CBC5D008FE2D2 /* Cucumberish.h */,
				6D3E01AF1E0CBC5D008FE2D2 /* Cucumberish.m */,
				6D3E01B01E0CBC5D008FE2D2 /* Dependencies */,
				6D3E01F91E0CBC5D008FE2D2 /* Utils */,
			);
			path = Cucumberish;
			sourceTree = "<group>";
		};
		6D3E01921E0CBC5D008FE2D2 /* Core */ = {
			isa = PBXGroup;
			children = (
				6D3E01931E0CBC5D008FE2D2 /* CCIBlockDefinitions.h */,
				6D3E01941E0CBC5D008FE2D2 /* Managers */,
				6D3E01991E0CBC5D008FE2D2 /* Models */,
			);
			path = Core;
			sourceTree = "<group>";
		};
		6D3E01941E0CBC5D008FE2D2 /* Managers */ = {
			isa = PBXGroup;
			children = (
				6D3E01951E0CBC5D008FE2D2 /* CCIFeaturesManager.h */,
				6D3E01961E0CBC5D008FE2D2 /* CCIFeaturesManager.m */,
				6D3E01971E0CBC5D008FE2D2 /* CCIStepsManager.h */,
				6D3E01981E0CBC5D008FE2D2 /* CCIStepsManager.m */,
			);
			path = Managers;
			sourceTree = "<group>";
		};
		6D3E01991E0CBC5D008FE2D2 /* Models */ = {
			isa = PBXGroup;
			children = (
				6D3E019A1E0CBC5D008FE2D2 /* CCIArgument.h */,
				6D3E019B1E0CBC5D008FE2D2 /* CCIArgument.m */,
				6D3E019C1E0CBC5D008FE2D2 /* CCIAroundHock.h */,
				6D3E019D1E0CBC5D008FE2D2 /* CCIAroundHock.m */,
				6D3E019E1E0CBC5D008FE2D2 /* CCIBackground.h */,
				6D3E019F1E0CBC5D008FE2D2 /* CCIBackground.m */,
				6D3E01A01E0CBC5D008FE2D2 /* CCIExample.h */,
				6D3E01A11E0CBC5D008FE2D2 /* CCIExample.m */,
				6D3E01A21E0CBC5D008FE2D2 /* CCIFeature.h */,
				6D3E01A31E0CBC5D008FE2D2 /* CCIFeature.m */,
				6D3E01A41E0CBC5D008FE2D2 /* CCIHock.h */,
				6D3E01A51E0CBC5D008FE2D2 /* CCIHock.m */,
				6D3E01A61E0CBC5D008FE2D2 /* CCILocation.h */,
				6D3E01A71E0CBC5D008FE2D2 /* CCILocation.m */,
				6D3E01A81E0CBC5D008FE2D2 /* CCIScenarioDefinition.h */,
				6D3E01A91E0CBC5D008FE2D2 /* CCIScenarioDefinition.m */,
				6D3E01AA1E0CBC5D008FE2D2 /* CCIStep.h */,
				6D3E01AB1E0CBC5D008FE2D2 /* CCIStep.m */,
				6D3E01AC1E0CBC5D008FE2D2 /* CCIStepDefinition.h */,
				6D3E01AD1E0CBC5D008FE2D2 /* CCIStepDefinition.m */,
			);
			path = Models;
			sourceTree = "<group>";
		};
		6D3E01B01E0CBC5D008FE2D2 /* Dependencies */ = {
			isa = PBXGroup;
			children = (
				6D3E01B11E0CBC5D008FE2D2 /* Gherkin */,
			);
			path = Dependencies;
			sourceTree = "<group>";
		};
		6D3E01B11E0CBC5D008FE2D2 /* Gherkin */ = {
			isa = PBXGroup;
			children = (
				6D3E01B21E0CBC5D008FE2D2 /* GHAstBuilder.h */,
				6D3E01B31E0CBC5D008FE2D2 /* GHAstBuilder.m */,
				6D3E01B41E0CBC5D008FE2D2 /* GHAstNode.h */,
				6D3E01B51E0CBC5D008FE2D2 /* GHAstNode.m */,
				6D3E01B61E0CBC5D008FE2D2 /* GHBackground.h */,
				6D3E01B71E0CBC5D008FE2D2 /* GHBackground.m */,
				6D3E01B81E0CBC5D008FE2D2 /* GHComment.h */,
				6D3E01B91E0CBC5D008FE2D2 /* GHComment.m */,
				6D3E01BA1E0CBC5D008FE2D2 /* GHDataTable.h */,
				6D3E01BB1E0CBC5D008FE2D2 /* GHDataTable.m */,
				6D3E01BC1E0CBC5D008FE2D2 /* GHDocString.h */,
				6D3E01BD1E0CBC5D008FE2D2 /* GHDocString.m */,
				6D3E01BE1E0CBC5D008FE2D2 /* gherkin-languages.json */,
				6D3E01BF1E0CBC5D008FE2D2 /* GHExamples.h */,
				6D3E01C01E0CBC5D008FE2D2 /* GHExamples.m */,
				6D3E01C11E0CBC5D008FE2D2 /* GHFeature.h */,
				6D3E01C21E0CBC5D008FE2D2 /* GHFeature.m */,
				6D3E01C31E0CBC5D008FE2D2 /* GHGherkinDialect.h */,
				6D3E01C41E0CBC5D008FE2D2 /* GHGherkinDialect.m */,
				6D3E01C51E0CBC5D008FE2D2 /* GHGherkinDialectProvider.h */,
				6D3E01C61E0CBC5D008FE2D2 /* GHGherkinDialectProvider.m */,
				6D3E01C71E0CBC5D008FE2D2 /* GHGherkinDialectProviderProtocol.h */,
				6D3E01C81E0CBC5D008FE2D2 /* GHGherkinLanguageConstants.h */,
				6D3E01C91E0CBC5D008FE2D2 /* GHGherkinLanguageConstants.m */,
				6D3E01CA1E0CBC5D008FE2D2 /* GHGherkinLanguageSetting.h */,
				6D3E01CB1E0CBC5D008FE2D2 /* GHGherkinLanguageSetting.m */,
				6D3E01CC1E0CBC5D008FE2D2 /* GHGherkinLine.h */,
				6D3E01CD1E0CBC5D008FE2D2 /* GHGherkinLine.m */,
				6D3E01CE1E0CBC5D008FE2D2 /* GHGherkinLineProtocol.h */,
				6D3E01CF1E0CBC5D008FE2D2 /* GHGherkinLineSpan.h */,
				6D3E01D01E0CBC5D008FE2D2 /* GHGherkinLineSpan.m */,
				6D3E01D11E0CBC5D008FE2D2 /* GHHasDescriptionProtocol.h */,
				6D3E01D21E0CBC5D008FE2D2 /* GHHasLocationProtocol.h */,
				6D3E01D31E0CBC5D008FE2D2 /* GHHasRowsProtocol.h */,
				6D3E01D41E0CBC5D008FE2D2 /* GHHasStepsProtocol.h */,
				6D3E01D51E0CBC5D008FE2D2 /* GHHasTagsProtocol.h */,
				6D3E01D61E0CBC5D008FE2D2 /* GHLocation.h */,
				6D3E01D71E0CBC5D008FE2D2 /* GHLocation.m */,
				6D3E01D81E0CBC5D008FE2D2 /* GHNode.h */,
				6D3E01D91E0CBC5D008FE2D2 /* GHNode.m */,
				6D3E01DA1E0CBC5D008FE2D2 /* GHParser+Extensions.h */,
				6D3E01DB1E0CBC5D008FE2D2 /* GHParser+Extensions.m */,
				6D3E01DC1E0CBC5D008FE2D2 /* GHParser.h */,
				6D3E01DD1E0CBC5D008FE2D2 /* GHParser.m */,
				6D3E01DE1E0CBC5D008FE2D2 /* GHParserException.h */,
				6D3E01DF1E0CBC5D008FE2D2 /* GHParserException.m */,
				6D3E01E01E0CBC5D008FE2D2 /* GHScenario.h */,
				6D3E01E11E0CBC5D008FE2D2 /* GHScenario.m */,
				6D3E01E21E0CBC5D008FE2D2 /* GHScenarioDefinition.h */,
				6D3E01E31E0CBC5D008FE2D2 /* GHScenarioDefinition.m */,
				6D3E01E41E0CBC5D008FE2D2 /* GHScenarioDefinition_Private.h */,
				6D3E01E51E0CBC5D008FE2D2 /* GHScenarioOutline.h */,
				6D3E01E61E0CBC5D008FE2D2 /* GHScenarioOutline.m */,
				6D3E01E71E0CBC5D008FE2D2 /* GHStep.h */,
				6D3E01E81E0CBC5D008FE2D2 /* GHStep.m */,
				6D3E01E91E0CBC5D008FE2D2 /* GHStepArgument.h */,
				6D3E01EA1E0CBC5D008FE2D2 /* GHStepArgument.m */,
				6D3E01EB1E0CBC5D008FE2D2 /* GHTableCell.h */,
				6D3E01EC1E0CBC5D008FE2D2 /* GHTableCell.m */,
				6D3E01ED1E0CBC5D008FE2D2 /* GHTableRow.h */,
				6D3E01EE1E0CBC5D008FE2D2 /* GHTableRow.m */,
				6D3E01EF1E0CBC5D008FE2D2 /* GHTag.h */,
				6D3E01F01E0CBC5D008FE2D2 /* GHTag.m */,
				6D3E01F11E0CBC5D008FE2D2 /* GHToken.h */,
				6D3E01F21E0CBC5D008FE2D2 /* GHToken.m */,
				6D3E01F31E0CBC5D008FE2D2 /* GHTokenMatcher.h */,
				6D3E01F41E0CBC5D008FE2D2 /* GHTokenMatcher.m */,
				6D3E01F51E0CBC5D008FE2D2 /* GHTokenScanner.h */,
				6D3E01F61E0CBC5D008FE2D2 /* GHTokenScanner.m */,
				6D3E01F71E0CBC5D008FE2D2 /* NSString+Trim.h */,
				6D3E01F81E0CBC5D008FE2D2 /* NSString+Trim.m */,
			);
			path = Gherkin;
			sourceTree = "<group>";
		};
		6D3E01F91E0CBC5D008FE2D2 /* Utils */ = {
			isa = PBXGroup;
			children = (
				6D3E01FA1E0CBC5D008FE2D2 /* NSArray+Hashes.h */,
				6D3E01FB1E0CBC5D008FE2D2 /* NSArray+Hashes.m */,
				6D3E01FC1E0CBC5D008FE2D2 /* NSObject+Dictionary.h */,
				6D3E01FD1E0CBC5D008FE2D2 /* NSObject+Dictionary.m */,
				6D3E01FE1E0CBC5D008FE2D2 /* NSString+Formatter.h */,
				6D3E01FF1E0CBC5D008FE2D2 /* NSString+Formatter.m */,
			);
			path = Utils;
			sourceTree = "<group>";
		};
/* End PBXGroup section */

/* Begin PBXNativeTarget section */
		6D3E009E1E0CBB79008FE2D2 /* SampleAppSw2 */ = {
			isa = PBXNativeTarget;
			buildConfigurationList = 6D3E00BC1E0CBB7A008FE2D2 /* Build configuration list for PBXNativeTarget "SampleAppSw2" */;
			buildPhases = (
				6D3E009B1E0CBB79008FE2D2 /* Sources */,
				6D3E009C1E0CBB79008FE2D2 /* Frameworks */,
				6D3E009D1E0CBB79008FE2D2 /* Resources */,
			);
			buildRules = (
			);
			dependencies = (
			);
			name = SampleAppSw2;
			productName = SampleAppSw2;
			productReference = 6D3E009F1E0CBB79008FE2D2 /* SampleAppSw2.app */;
			productType = "com.apple.product-type.application";
		};
		6D3E00B21E0CBB7A008FE2D2 /* SampleAppSw2Tests */ = {
			isa = PBXNativeTarget;
			buildConfigurationList = 6D3E00BF1E0CBB7A008FE2D2 /* Build configuration list for PBXNativeTarget "SampleAppSw2Tests" */;
			buildPhases = (
				6D3E00AF1E0CBB7A008FE2D2 /* Sources */,
				6D3E00B01E0CBB7A008FE2D2 /* Frameworks */,
				6D3E00B11E0CBB7A008FE2D2 /* Resources */,
			);
			buildRules = (
			);
			dependencies = (
				6D3E00B51E0CBB7A008FE2D2 /* PBXTargetDependency */,
			);
			name = SampleAppSw2Tests;
			productName = SampleAppSw2Tests;
			productReference = 6D3E00B31E0CBB7A008FE2D2 /* SampleAppSw2Tests.xctest */;
			productType = "com.apple.product-type.bundle.unit-test";
		};
		6D3E01821E0CBC4B008FE2D2 /* CucumberishUITest */ = {
			isa = PBXNativeTarget;
			buildConfigurationList = 6D3E018C1E0CBC4B008FE2D2 /* Build configuration list for PBXNativeTarget "CucumberishUITest" */;
			buildPhases = (
				6D3E017C1E0CBC4B008FE2D2 /* Sources */,
				6D3E017D1E0CBC4B008FE2D2 /* Frameworks */,
				6D3E017E1E0CBC4B008FE2D2 /* Resources */,
				6D3E017F1E0CBC4B008FE2D2 /* Sources */,
				6D3E01801E0CBC4B008FE2D2 /* Frameworks */,
				6D3E01811E0CBC4B008FE2D2 /* Resources */,
			);
			buildRules = (
			);
			dependencies = (
				6D3E01901E0CBC4E008FE2D2 /* PBXTargetDependency */,
			);
			name = CucumberishUITest;
			productName = CucumberishUITest;
			productReference = 6D3E01831E0CBC4B008FE2D2 /* CucumberishUITest.xctest */;
			productType = "com.apple.product-type.bundle.ui-testing";
		};
/* End PBXNativeTarget section */

/* Begin PBXProject section */
		6D3E00971E0CBB79008FE2D2 /* Project object */ = {
			isa = PBXProject;
			attributes = {
				LastSwiftUpdateCheck = 0730;
				LastUpgradeCheck = 0730;
				ORGANIZATIONNAME = JackyChen;
				TargetAttributes = {
					6D3E009E1E0CBB79008FE2D2 = {
						CreatedOnToolsVersion = 7.3.1;
						DevelopmentTeam = NAX24929CJ;
					};
					6D3E00B21E0CBB7A008FE2D2 = {
						CreatedOnToolsVersion = 7.3.1;
						TestTargetID = 6D3E009E1E0CBB79008FE2D2;
					};
					6D3E01821E0CBC4B008FE2D2 = {
						CreatedOnToolsVersion = 7.3.1;
						TestTargetID = 6D3E009E1E0CBB79008FE2D2;
					};
				};
			};
			buildConfigurationList = 6D3E009A1E0CBB79008FE2D2 /* Build configuration list for PBXProject "SampleAppSw2" */;
			compatibilityVersion = "Xcode 3.2";
			developmentRegion = English;
			hasScannedForEncodings = 0;
			knownRegions = (
				en,
				Base,
			);
			mainGroup = 6D3E00961E0CBB79008FE2D2;
			productRefGroup = 6D3E00A01E0CBB79008FE2D2 /* Products */;
			projectDirPath = "";
			projectRoot = "";
			targets = (
				6D3E009E1E0CBB79008FE2D2 /* SampleAppSw2 */,
				6D3E00B21E0CBB7A008FE2D2 /* SampleAppSw2Tests */,
				6D3E01821E0CBC4B008FE2D2 /* CucumberishUITest */,
			);
		};
/* End PBXProject section */

/* Begin PBXResourcesBuildPhase section */
		6D3E009D1E0CBB79008FE2D2 /* Resources */ = {
			isa = PBXResourcesBuildPhase;
			buildActionMask = 2147483647;
			files = (
				6D3E00AD1E0CBB7A008FE2D2 /* LaunchScreen.storyboard in Resources */,
				6D3E00AA1E0CBB7A008FE2D2 /* Assets.xcassets in Resources */,
				6D3E00A81E0CBB7A008FE2D2 /* Main.storyboard in Resources */,
			);
			runOnlyForDeploymentPostprocessing = 0;
		};
		6D3E00B11E0CBB7A008FE2D2 /* Resources */ = {
			isa = PBXResourcesBuildPhase;
			buildActionMask = 2147483647;
			files = (
			);
			runOnlyForDeploymentPostprocessing = 0;
		};
		6D3E017E1E0CBC4B008FE2D2 /* Resources */ = {
			isa = PBXResourcesBuildPhase;
			buildActionMask = 2147483647;
			files = (
				6D3E02131E0CBC5D008FE2D2 /* gherkin-languages.json in Resources */,
				6D3E02311E0CBC6F008FE2D2 /* Features in Resources */,
			);
			runOnlyForDeploymentPostprocessing = 0;
		};
		6D3E01811E0CBC4B008FE2D2 /* Resources */ = {
			isa = PBXResourcesBuildPhase;
			buildActionMask = 2147483647;
			files = (
			);
			runOnlyForDeploymentPostprocessing = 0;
		};
/* End PBXResourcesBuildPhase section */

/* Begin PBXSourcesBuildPhase section */
		6D3E009B1E0CBB79008FE2D2 /* Sources */ = {
			isa = PBXSourcesBuildPhase;
			buildActionMask = 2147483647;
			files = (
				6D3E00C51E0CBBAE008FE2D2 /* Bank.swift in Sources */,
				6D3E00A51E0CBB7A008FE2D2 /* ViewController.swift in Sources */,
				6D3E00C61E0CBBAE008FE2D2 /* SAFCaculateRevenueViewController.swift in Sources */,
				6D3E00A31E0CBB7A008FE2D2 /* AppDelegate.swift in Sources */,
				6D3E00C71E0CBBAE008FE2D2 /* SAFSignInViewController.swift in Sources */,
			);
			runOnlyForDeploymentPostprocessing = 0;
		};
		6D3E00AF1E0CBB7A008FE2D2 /* Sources */ = {
			isa = PBXSourcesBuildPhase;
			buildActionMask = 2147483647;
			files = (
				6D3E00B81E0CBB7A008FE2D2 /* SampleAppSw2Tests.swift in Sources */,
			);
			runOnlyForDeploymentPostprocessing = 0;
		};
		6D3E017C1E0CBC4B008FE2D2 /* Sources */ = {
			isa = PBXSourcesBuildPhase;
			buildActionMask = 2147483647;
			files = (
				6D3E02101E0CBC5D008FE2D2 /* GHComment.m in Sources */,
				6D3E018A1E0CBC4B008FE2D2 /* CucumberishUITest.m in Sources */,
				6D3E021F1E0CBC5D008FE2D2 /* GHParser.m in Sources */,
				6D3E02011E0CBC5D008FE2D2 /* CCIStepsManager.m in Sources */,
				6D3E02241E0CBC5D008FE2D2 /* GHStep.m in Sources */,
				6D3E020F1E0CBC5D008FE2D2 /* GHBackground.m in Sources */,
				6D3E02201E0CBC5D008FE2D2 /* GHParserException.m in Sources */,
				6D3E02261E0CBC5D008FE2D2 /* GHTableCell.m in Sources */,
				6D3E02091E0CBC5D008FE2D2 /* CCIScenarioDefinition.m in Sources */,
				6D3E022E1E0CBC5D008FE2D2 /* NSObject+Dictionary.m in Sources */,
				6D3E02281E0CBC5D008FE2D2 /* GHTag.m in Sources */,
				6D3E02291E0CBC5D008FE2D2 /* GHToken.m in Sources */,
				6D3E022A1E0CBC5D008FE2D2 /* GHTokenMatcher.m in Sources */,
				6D3E02171E0CBC5D008FE2D2 /* GHGherkinDialectProvider.m in Sources */,
				6D3E02151E0CBC5D008FE2D2 /* GHFeature.m in Sources */,
				6D3E021E1E0CBC5D008FE2D2 /* GHParser+Extensions.m in Sources */,
				6D3E02211E0CBC5D008FE2D2 /* GHScenario.m in Sources */,
				6D3E021C1E0CBC5D008FE2D2 /* GHLocation.m in Sources */,
				6D3E022B1E0CBC5D008FE2D2 /* GHTokenScanner.m in Sources */,
				6D3E02181E0CBC5D008FE2D2 /* GHGherkinLanguageConstants.m in Sources */,
				6D3E02111E0CBC5D008FE2D2 /* GHDataTable.m in Sources */,
				6D3E02051E0CBC5D008FE2D2 /* CCIExample.m in Sources */,
				6D3E020B1E0CBC5D008FE2D2 /* CCIStepDefinition.m in Sources */,
				6D3E02061E0CBC5D008FE2D2 /* CCIFeature.m in Sources */,
				6D3E02221E0CBC5D008FE2D2 /* GHScenarioDefinition.m in Sources */,
				6D3E02231E0CBC5D008FE2D2 /* GHScenarioOutline.m in Sources */,
				6D3E02161E0CBC5D008FE2D2 /* GHGherkinDialect.m in Sources */,
				6D3E02121E0CBC5D008FE2D2 /* GHDocString.m in Sources */,
				6D3E02001E0CBC5D008FE2D2 /* CCIFeaturesManager.m in Sources */,
				6D3E020D1E0CBC5D008FE2D2 /* GHAstBuilder.m in Sources */,
				6D3E021D1E0CBC5D008FE2D2 /* GHNode.m in Sources */,
				6D3E02031E0CBC5D008FE2D2 /* CCIAroundHock.m in Sources */,
				6D3E020E1E0CBC5D008FE2D2 /* GHAstNode.m in Sources */,
				6D3E022F1E0CBC5D008FE2D2 /* NSString+Formatter.m in Sources */,
				6D3E022D1E0CBC5D008FE2D2 /* NSArray+Hashes.m in Sources */,
				6D3E02021E0CBC5D008FE2D2 /* CCIArgument.m in Sources */,
				6D3E02141E0CBC5D008FE2D2 /* GHExamples.m in Sources */,
				6D3E02271E0CBC5D008FE2D2 /* GHTableRow.m in Sources */,
				6D3E02041E0CBC5D008FE2D2 /* CCIBackground.m in Sources */,
				6D3E02191E0CBC5D008FE2D2 /* GHGherkinLanguageSetting.m in Sources */,
				6D3E02071E0CBC5D008FE2D2 /* CCIHock.m in Sources */,
				6D3E021B1E0CBC5D008FE2D2 /* GHGherkinLineSpan.m in Sources */,
				6D3E020A1E0CBC5D008FE2D2 /* CCIStep.m in Sources */,
				6D3E01861E0CBC4B008FE2D2 /* CucumberishUITest.swift in Sources */,
				6D3E021A1E0CBC5D008FE2D2 /* GHGherkinLine.m in Sources */,
				6D3E02081E0CBC5D008FE2D2 /* CCILocation.m in Sources */,
				6D3E022C1E0CBC5D008FE2D2 /* NSString+Trim.m in Sources */,
				6D3E020C1E0CBC5D008FE2D2 /* Cucumberish.m in Sources */,
				6D3E02251E0CBC5D008FE2D2 /* GHStepArgument.m in Sources */,
			);
			runOnlyForDeploymentPostprocessing = 0;
		};
		6D3E017F1E0CBC4B008FE2D2 /* Sources */ = {
			isa = PBXSourcesBuildPhase;
			buildActionMask = 2147483647;
			files = (
			);
			runOnlyForDeploymentPostprocessing = 0;
		};
/* End PBXSourcesBuildPhase section */

/* Begin PBXTargetDependency section */
		6D3E00B51E0CBB7A008FE2D2 /* PBXTargetDependency */ = {
			isa = PBXTargetDependency;
			target = 6D3E009E1E0CBB79008FE2D2 /* SampleAppSw2 */;
			targetProxy = 6D3E00B41E0CBB7A008FE2D2 /* PBXContainerItemProxy */;
		};
		6D3E01901E0CBC4E008FE2D2 /* PBXTargetDependency */ = {
			isa = PBXTargetDependency;
			target = 6D3E009E1E0CBB79008FE2D2 /* SampleAppSw2 */;
			targetProxy = 6D3E018F1E0CBC4E008FE2D2 /* PBXContainerItemProxy */;
		};
/* End PBXTargetDependency section */

/* Begin PBXVariantGroup section */
		6D3E00A61E0CBB7A008FE2D2 /* Main.storyboard */ = {
			isa = PBXVariantGroup;
			children = (
				6D3E00A71E0CBB7A008FE2D2 /* Base */,
			);
			name = Main.storyboard;
			sourceTree = "<group>";
		};
		6D3E00AB1E0CBB7A008FE2D2 /* LaunchScreen.storyboard */ = {
			isa = PBXVariantGroup;
			children = (
				6D3E00AC1E0CBB7A008FE2D2 /* Base */,
			);
			name = LaunchScreen.storyboard;
			sourceTree = "<group>";
		};
/* End PBXVariantGroup section */

/* Begin XCBuildConfiguration section */
		6D3E00BA1E0CBB7A008FE2D2 /* Debug */ = {
			isa = XCBuildConfiguration;
			buildSettings = {
				ALWAYS_SEARCH_USER_PATHS = NO;
				CLANG_ANALYZER_NONNULL = YES;
				CLANG_CXX_LANGUAGE_STANDARD = "gnu++0x";
				CLANG_CXX_LIBRARY = "libc++";
				CLANG_ENABLE_MODULES = YES;
				CLANG_ENABLE_OBJC_ARC = YES;
				CLANG_WARN_BOOL_CONVERSION = YES;
				CLANG_WARN_CONSTANT_CONVERSION = YES;
				CLANG_WARN_DIRECT_OBJC_ISA_USAGE = YES_ERROR;
				CLANG_WARN_EMPTY_BODY = YES;
				CLANG_WARN_ENUM_CONVERSION = YES;
				CLANG_WARN_INT_CONVERSION = YES;
				CLANG_WARN_OBJC_ROOT_CLASS = YES_ERROR;
				CLANG_WARN_UNREACHABLE_CODE = YES;
				CLANG_WARN__DUPLICATE_METHOD_MATCH = YES;
				"CODE_SIGN_IDENTITY[sdk=iphoneos*]" = "iPhone Developer";
				COPY_PHASE_STRIP = NO;
				DEBUG_INFORMATION_FORMAT = dwarf;
				ENABLE_STRICT_OBJC_MSGSEND = YES;
				ENABLE_TESTABILITY = YES;
				GCC_C_LANGUAGE_STANDARD = gnu99;
				GCC_DYNAMIC_NO_PIC = NO;
				GCC_NO_COMMON_BLOCKS = YES;
				GCC_OPTIMIZATION_LEVEL = 0;
				GCC_PREPROCESSOR_DEFINITIONS = (
					"DEBUG=1",
					"$(inherited)",
				);
				GCC_WARN_64_TO_32_BIT_CONVERSION = YES;
				GCC_WARN_ABOUT_RETURN_TYPE = YES_ERROR;
				GCC_WARN_UNDECLARED_SELECTOR = YES;
				GCC_WARN_UNINITIALIZED_AUTOS = YES_AGGRESSIVE;
				GCC_WARN_UNUSED_FUNCTION = YES;
				GCC_WARN_UNUSED_VARIABLE = YES;
				IPHONEOS_DEPLOYMENT_TARGET = 9.3;
				MTL_ENABLE_DEBUG_INFO = YES;
				ONLY_ACTIVE_ARCH = YES;
				SDKROOT = iphoneos;
				SWIFT_OPTIMIZATION_LEVEL = "-Onone";
			};
			name = Debug;
		};
		6D3E00BB1E0CBB7A008FE2D2 /* Release */ = {
			isa = XCBuildConfiguration;
			buildSettings = {
				ALWAYS_SEARCH_USER_PATHS = NO;
				CLANG_ANALYZER_NONNULL = YES;
				CLANG_CXX_LANGUAGE_STANDARD = "gnu++0x";
				CLANG_CXX_LIBRARY = "libc++";
				CLANG_ENABLE_MODULES = YES;
				CLANG_ENABLE_OBJC_ARC = YES;
				CLANG_WARN_BOOL_CONVERSION = YES;
				CLANG_WARN_CONSTANT_CONVERSION = YES;
				CLANG_WARN_DIRECT_OBJC_ISA_USAGE = YES_ERROR;
				CLANG_WARN_EMPTY_BODY = YES;
				CLANG_WARN_ENUM_CONVERSION = YES;
				CLANG_WARN_INT_CONVERSION = YES;
				CLANG_WARN_OBJC_ROOT_CLASS = YES_ERROR;
				CLANG_WARN_UNREACHABLE_CODE = YES;
				CLANG_WARN__DUPLICATE_METHOD_MATCH = YES;
				"CODE_SIGN_IDENTITY[sdk=iphoneos*]" = "iPhone Developer";
				COPY_PHASE_STRIP = NO;
				DEBUG_INFORMATION_FORMAT = "dwarf-with-dsym";
				ENABLE_NS_ASSERTIONS = NO;
				ENABLE_STRICT_OBJC_MSGSEND = YES;
				GCC_C_LANGUAGE_STANDARD = gnu99;
				GCC_NO_COMMON_BLOCKS = YES;
				GCC_WARN_64_TO_32_BIT_CONVERSION = YES;
				GCC_WARN_ABOUT_RETURN_TYPE = YES_ERROR;
				GCC_WARN_UNDECLARED_SELECTOR = YES;
				GCC_WARN_UNINITIALIZED_AUTOS = YES_AGGRESSIVE;
				GCC_WARN_UNUSED_FUNCTION = YES;
				GCC_WARN_UNUSED_VARIABLE = YES;
				IPHONEOS_DEPLOYMENT_TARGET = 9.3;
				MTL_ENABLE_DEBUG_INFO = NO;
				SDKROOT = iphoneos;
				VALIDATE_PRODUCT = YES;
			};
			name = Release;
		};
		6D3E00BD1E0CBB7A008FE2D2 /* Debug */ = {
			isa = XCBuildConfiguration;
			buildSettings = {
				ASSETCATALOG_COMPILER_APPICON_NAME = AppIcon;
				CODE_SIGN_IDENTITY = "iPhone Developer";
				INFOPLIST_FILE = SampleAppSw2/Info.plist;
				LD_RUNPATH_SEARCH_PATHS = "$(inherited) @executable_path/Frameworks";
				PRODUCT_BUNDLE_IDENTIFIER = tw.com.cathaylife.SampleAppSw2;
				PRODUCT_NAME = "$(TARGET_NAME)";
			};
			name = Debug;
		};
		6D3E00BE1E0CBB7A008FE2D2 /* Release */ = {
			isa = XCBuildConfiguration;
			buildSettings = {
				ASSETCATALOG_COMPILER_APPICON_NAME = AppIcon;
				CODE_SIGN_IDENTITY = "iPhone Developer";
				INFOPLIST_FILE = SampleAppSw2/Info.plist;
				LD_RUNPATH_SEARCH_PATHS = "$(inherited) @executable_path/Frameworks";
				PRODUCT_BUNDLE_IDENTIFIER = tw.com.cathaylife.SampleAppSw2;
				PRODUCT_NAME = "$(TARGET_NAME)";
			};
			name = Release;
		};
		6D3E00C01E0CBB7A008FE2D2 /* Debug */ = {
			isa = XCBuildConfiguration;
			buildSettings = {
				BUNDLE_LOADER = "$(TEST_HOST)";
				INFOPLIST_FILE = SampleAppSw2Tests/Info.plist;
				LD_RUNPATH_SEARCH_PATHS = "$(inherited) @executable_path/Frameworks @loader_path/Frameworks";
				PRODUCT_BUNDLE_IDENTIFIER = tw.com.cathaylife.SampleAppSw2Tests;
				PRODUCT_NAME = "$(TARGET_NAME)";
				TEST_HOST = "$(BUILT_PRODUCTS_DIR)/SampleAppSw2.app/SampleAppSw2";
			};
			name = Debug;
		};
		6D3E00C11E0CBB7A008FE2D2 /* Release */ = {
			isa = XCBuildConfiguration;
			buildSettings = {
				BUNDLE_LOADER = "$(TEST_HOST)";
				INFOPLIST_FILE = SampleAppSw2Tests/Info.plist;
				LD_RUNPATH_SEARCH_PATHS = "$(inherited) @executable_path/Frameworks @loader_path/Frameworks";
				PRODUCT_BUNDLE_IDENTIFIER = tw.com.cathaylife.SampleAppSw2Tests;
				PRODUCT_NAME = "$(TARGET_NAME)";
				TEST_HOST = "$(BUILT_PRODUCTS_DIR)/SampleAppSw2.app/SampleAppSw2";
			};
			name = Release;
		};
		6D3E018D1E0CBC4B008FE2D2 /* Debug */ = {
			isa = XCBuildConfiguration;
			buildSettings = {
				GCC_PREPROCESSOR_DEFINITIONS = (
					"DEBUG=1",
					"$(inherited)",
					"SRC_ROOT=@\\\"$(SRCROOT)\\\"",
				);
				INFOPLIST_FILE = CucumberishUITest/Info.plist;
				LD_RUNPATH_SEARCH_PATHS = "$(inherited) @executable_path/Frameworks @loader_path/Frameworks";
				PRODUCT_BUNDLE_IDENTIFIER = tw.com.cathaylife.CucumberishUITest;
				PRODUCT_NAME = "$(TARGET_NAME)";
				SRC_ROOT = "@\\\"$(SRCROOT)\\\"";
				SWIFT_OBJC_BRIDGING_HEADER = "CucumberishUITest/CucumberishUITest-Bridging-Header.h";
				TEST_TARGET_NAME = SampleAppSw2;
			};
			name = Debug;
		};
		6D3E018E1E0CBC4B008FE2D2 /* Release */ = {
			isa = XCBuildConfiguration;
			buildSettings = {
				GCC_PREPROCESSOR_DEFINITIONS = (
					"DEBUG=1",
					"$(inherited)",
					"SRC_ROOT=@\\\"$(SRCROOT)\\\"",
				);
				INFOPLIST_FILE = CucumberishUITest/Info.plist;
				LD_RUNPATH_SEARCH_PATHS = "$(inherited) @executable_path/Frameworks @loader_path/Frameworks";
				PRODUCT_BUNDLE_IDENTIFIER = tw.com.cathaylife.CucumberishUITest;
				PRODUCT_NAME = "$(TARGET_NAME)";
				SWIFT_OBJC_BRIDGING_HEADER = "CucumberishUITest/CucumberishUITest-Bridging-Header.h";
				TEST_TARGET_NAME = SampleAppSw2;
			};
			name = Release;
		};
/* End XCBuildConfiguration section */

/* Begin XCConfigurationList section */
		6D3E009A1E0CBB79008FE2D2 /* Build configuration list for PBXProject "SampleAppSw2" */ = {
			isa = XCConfigurationList;
			buildConfigurations = (
				6D3E00BA1E0CBB7A008FE2D2 /* Debug */,
				6D3E00BB1E0CBB7A008FE2D2 /* Release */,
			);
			defaultConfigurationIsVisible = 0;
			defaultConfigurationName = Release;
		};
		6D3E00BC1E0CBB7A008FE2D2 /* Build configuration list for PBXNativeTarget "SampleAppSw2" */ = {
			isa = XCConfigurationList;
			buildConfigurations = (
				6D3E00BD1E0CBB7A008FE2D2 /* Debug */,
				6D3E00BE1E0CBB7A008FE2D2 /* Release */,
			);
			defaultConfigurationIsVisible = 0;
			defaultConfigurationName = Release;
		};
		6D3E00BF1E0CBB7A008FE2D2 /* Build configuration list for PBXNativeTarget "SampleAppSw2Tests" */ = {
			isa = XCConfigurationList;
			buildConfigurations = (
				6D3E00C01E0CBB7A008FE2D2 /* Debug */,
				6D3E00C11E0CBB7A008FE2D2 /* Release */,
			);
			defaultConfigurationIsVisible = 0;
			defaultConfigurationName = Release;
		};
		6D3E018C1E0CBC4B008FE2D2 /* Build configuration list for PBXNativeTarget "CucumberishUITest" */ = {
			isa = XCConfigurationList;
			buildConfigurations = (
				6D3E018D1E0CBC4B008FE2D2 /* Debug */,
				6D3E018E1E0CBC4B008FE2D2 /* Release */,
			);
			defaultConfigurationIsVisible = 0;
			defaultConfigurationName = Release;
		};
/* End XCConfigurationList section */
	};
	rootObject = 6D3E00971E0CBB79008FE2D2 /* Project object */;
}
